// !$*UTF8*$!
{
	archiveVersion = 1;
	classes = {
	};
	objectVersion = 55;
	objects = {

/* Begin PBXBuildFile section */
		A0DE807E278CDC4900ECEA70 /* AppDelegate.swift in Sources */ = {isa = PBXBuildFile; fileRef = A0DE807D278CDC4900ECEA70 /* AppDelegate.swift */; };
		A0DE8080278CDC4900ECEA70 /* SceneDelegate.swift in Sources */ = {isa = PBXBuildFile; fileRef = A0DE807F278CDC4900ECEA70 /* SceneDelegate.swift */; };
		A0DE8082278CDC4900ECEA70 /* ViewController.swift in Sources */ = {isa = PBXBuildFile; fileRef = A0DE8081278CDC4900ECEA70 /* ViewController.swift */; };
		A0DE8085278CDC4900ECEA70 /* Main.storyboard in Resources */ = {isa = PBXBuildFile; fileRef = A0DE8083278CDC4900ECEA70 /* Main.storyboard */; };
		A0DE8087278CDC4D00ECEA70 /* Assets.xcassets in Resources */ = {isa = PBXBuildFile; fileRef = A0DE8086278CDC4D00ECEA70 /* Assets.xcassets */; };
		A0DE808A278CDC4D00ECEA70 /* LaunchScreen.storyboard in Resources */ = {isa = PBXBuildFile; fileRef = A0DE8088278CDC4D00ECEA70 /* LaunchScreen.storyboard */; };
		A0DE8095278CDC4E00ECEA70 /* PreworkTests.swift in Sources */ = {isa = PBXBuildFile; fileRef = A0DE8094278CDC4E00ECEA70 /* PreworkTests.swift */; };
		A0DE809F278CDC4E00ECEA70 /* PreworkUITests.swift in Sources */ = {isa = PBXBuildFile; fileRef = A0DE809E278CDC4E00ECEA70 /* PreworkUITests.swift */; };
		A0DE80A1278CDC4E00ECEA70 /* PreworkUITestsLaunchTests.swift in Sources */ = {isa = PBXBuildFile; fileRef = A0DE80A0278CDC4E00ECEA70 /* PreworkUITestsLaunchTests.swift */; };
/* End PBXBuildFile section */

/* Begin PBXContainerItemProxy section */
		A0DE8091278CDC4E00ECEA70 /* PBXContainerItemProxy */ = {
			isa = PBXContainerItemProxy;
			containerPortal = A0DE8072278CDC4900ECEA70 /* Project object */;
			proxyType = 1;
			remoteGlobalIDString = A0DE8079278CDC4900ECEA70;
			remoteInfo = Prework;
		};
		A0DE809B278CDC4E00ECEA70 /* PBXContainerItemProxy */ = {
			isa = PBXContainerItemProxy;
			containerPortal = A0DE8072278CDC4900ECEA70 /* Project object */;
			proxyType = 1;
			remoteGlobalIDString = A0DE8079278CDC4900ECEA70;
			remoteInfo = Prework;
		};
/* End PBXContainerItemProxy section */

/* Begin PBXFileReference section */
		A0DE807A278CDC4900ECEA70 /* Prework.app */ = {isa = PBXFileReference; explicitFileType = wrapper.application; includeInIndex = 0; path = Prework.app; sourceTree = BUILT_PRODUCTS_DIR; };
		A0DE807D278CDC4900ECEA70 /* AppDelegate.swift */ = {isa = PBXFileReference; lastKnownFileType = sourcecode.swift; path = AppDelegate.swift; sourceTree = "<group>"; };
		A0DE807F278CDC4900ECEA70 /* SceneDelegate.swift */ = {isa = PBXFileReference; lastKnownFileType = sourcecode.swift; path = SceneDelegate.swift; sourceTree = "<group>"; };
		A0DE8081278CDC4900ECEA70 /* ViewController.swift */ = {isa = PBXFileReference; lastKnownFileType = sourcecode.swift; path = ViewController.swift; sourceTree = "<group>"; };
		A0DE8084278CDC4900ECEA70 /* Base */ = {isa = PBXFileReference; lastKnownFileType = file.storyboard; name = Base; path = Base.lproj/Main.storyboard; sourceTree = "<group>"; };
		A0DE8086278CDC4D00ECEA70 /* Assets.xcassets */ = {isa = PBXFileReference; lastKnownFileType = folder.assetcatalog; path = Assets.xcassets; sourceTree = "<group>"; };
		A0DE8089278CDC4D00ECEA70 /* Base */ = {isa = PBXFileReference; lastKnownFileType = file.storyboard; name = Base; path = Base.lproj/LaunchScreen.storyboard; sourceTree = "<group>"; };
		A0DE808B278CDC4D00ECEA70 /* Info.plist */ = {isa = PBXFileReference; lastKnownFileType = text.plist.xml; path = Info.plist; sourceTree = "<group>"; };
		A0DE8090278CDC4E00ECEA70 /* PreworkTests.xctest */ = {isa = PBXFileReference; explicitFileType = wrapper.cfbundle; includeInIndex = 0; path = PreworkTests.xctest; sourceTree = BUILT_PRODUCTS_DIR; };
		A0DE8094278CDC4E00ECEA70 /* PreworkTests.swift */ = {isa = PBXFileReference; lastKnownFileType = sourcecode.swift; path = PreworkTests.swift; sourceTree = "<group>"; };
		A0DE809A278CDC4E00ECEA70 /* PreworkUITests.xctest */ = {isa = PBXFileReference; explicitFileType = wrapper.cfbundle; includeInIndex = 0; path = PreworkUITests.xctest; sourceTree = BUILT_PRODUCTS_DIR; };
		A0DE809E278CDC4E00ECEA70 /* PreworkUITests.swift */ = {isa = PBXFileReference; lastKnownFileType = sourcecode.swift; path = PreworkUITests.swift; sourceTree = "<group>"; };
		A0DE80A0278CDC4E00ECEA70 /* PreworkUITestsLaunchTests.swift */ = {isa = PBXFileReference; lastKnownFileType = sourcecode.swift; path = PreworkUITestsLaunchTests.swift; sourceTree = "<group>"; };
/* End PBXFileReference section */

/* Begin PBXFrameworksBuildPhase section */
		A0DE8077278CDC4900ECEA70 /* Frameworks */ = {
			isa = PBXFrameworksBuildPhase;
			buildActionMask = 2147483647;
			files = (
			);
			runOnlyForDeploymentPostprocessing = 0;
		};
		A0DE808D278CDC4E00ECEA70 /* Frameworks */ = {
			isa = PBXFrameworksBuildPhase;
			buildActionMask = 2147483647;
			files = (
			);
			runOnlyForDeploymentPostprocessing = 0;
		};
		A0DE8097278CDC4E00ECEA70 /* Frameworks */ = {
			isa = PBXFrameworksBuildPhase;
			buildActionMask = 2147483647;
			files = (
			);
			runOnlyForDeploymentPostprocessing = 0;
		};
/* End PBXFrameworksBuildPhase section */

/* Begin PBXGroup section */
		A0DE8071278CDC4900ECEA70 = {
			isa = PBXGroup;
			children = (
				A0DE807C278CDC4900ECEA70 /* Prework */,
				A0DE8093278CDC4E00ECEA70 /* PreworkTests */,
				A0DE809D278CDC4E00ECEA70 /* PreworkUITests */,
				A0DE807B278CDC4900ECEA70 /* Products */,
			);
			sourceTree = "<group>";
		};
		A0DE807B278CDC4900ECEA70 /* Products */ = {
			isa = PBXGroup;
			children = (
				A0DE807A278CDC4900ECEA70 /* Prework.app */,
				A0DE8090278CDC4E00ECEA70 /* PreworkTests.xctest */,
				A0DE809A278CDC4E00ECEA70 /* PreworkUITests.xctest */,
			);
			name = Products;
			sourceTree = "<group>";
		};
		A0DE807C278CDC4900ECEA70 /* Prework */ = {
			isa = PBXGroup;
			children = (
				A0DE807D278CDC4900ECEA70 /* AppDelegate.swift */,
				A0DE807F278CDC4900ECEA70 /* SceneDelegate.swift */,
				A0DE8081278CDC4900ECEA70 /* ViewController.swift */,
				A0DE8083278CDC4900ECEA70 /* Main.storyboard */,
				A0DE8086278CDC4D00ECEA70 /* Assets.xcassets */,
				A0DE8088278CDC4D00ECEA70 /* LaunchScreen.storyboard */,
				A0DE808B278CDC4D00ECEA70 /* Info.plist */,
			);
			path = Prework;
			sourceTree = "<group>";
		};
		A0DE8093278CDC4E00ECEA70 /* PreworkTests */ = {
			isa = PBXGroup;
			children = (
				A0DE8094278CDC4E00ECEA70 /* PreworkTests.swift */,
			);
			path = PreworkTests;
			sourceTree = "<group>";
		};
		A0DE809D278CDC4E00ECEA70 /* PreworkUITests */ = {
			isa = PBXGroup;
			children = (
				A0DE809E278CDC4E00ECEA70 /* PreworkUITests.swift */,
				A0DE80A0278CDC4E00ECEA70 /* PreworkUITestsLaunchTests.swift */,
			);
			path = PreworkUITests;
			sourceTree = "<group>";
		};
/* End PBXGroup section */

/* Begin PBXNativeTarget section */
		A0DE8079278CDC4900ECEA70 /* Prework */ = {
			isa = PBXNativeTarget;
			buildConfigurationList = A0DE80A4278CDC4E00ECEA70 /* Build configuration list for PBXNativeTarget "Prework" */;
			buildPhases = (
				A0DE8076278CDC4900ECEA70 /* Sources */,
				A0DE8077278CDC4900ECEA70 /* Frameworks */,
				A0DE8078278CDC4900ECEA70 /* Resources */,
			);
			buildRules = (
			);
			dependencies = (
			);
			name = Prework;
			productName = Prework;
			productReference = A0DE807A278CDC4900ECEA70 /* Prework.app */;
			productType = "com.apple.product-type.application";
		};
		A0DE808F278CDC4E00ECEA70 /* PreworkTests */ = {
			isa = PBXNativeTarget;
			buildConfigurationList = A0DE80A7278CDC4E00ECEA70 /* Build configuration list for PBXNativeTarget "PreworkTests" */;
			buildPhases = (
				A0DE808C278CDC4E00ECEA70 /* Sources */,
				A0DE808D278CDC4E00ECEA70 /* Frameworks */,
				A0DE808E278CDC4E00ECEA70 /* Resources */,
			);
			buildRules = (
			);
			dependencies = (
				A0DE8092278CDC4E00ECEA70 /* PBXTargetDependency */,
			);
			name = PreworkTests;
			productName = PreworkTests;
			productReference = A0DE8090278CDC4E00ECEA70 /* PreworkTests.xctest */;
			productType = "com.apple.product-type.bundle.unit-test";
		};
		A0DE8099278CDC4E00ECEA70 /* PreworkUITests */ = {
			isa = PBXNativeTarget;
			buildConfigurationList = A0DE80AA278CDC4E00ECEA70 /* Build configuration list for PBXNativeTarget "PreworkUITests" */;
			buildPhases = (
				A0DE8096278CDC4E00ECEA70 /* Sources */,
				A0DE8097278CDC4E00ECEA70 /* Frameworks */,
				A0DE8098278CDC4E00ECEA70 /* Resources */,
			);
			buildRules = (
			);
			dependencies = (
				A0DE809C278CDC4E00ECEA70 /* PBXTargetDependency */,
			);
			name = PreworkUITests;
			productName = PreworkUITests;
			productReference = A0DE809A278CDC4E00ECEA70 /* PreworkUITests.xctest */;
			productType = "com.apple.product-type.bundle.ui-testing";
		};
/* End PBXNativeTarget section */

/* Begin PBXProject section */
		A0DE8072278CDC4900ECEA70 /* Project object */ = {
			isa = PBXProject;
			attributes = {
				BuildIndependentTargetsInParallel = 1;
				LastSwiftUpdateCheck = 1320;
				LastUpgradeCheck = 1320;
				TargetAttributes = {
					A0DE8079278CDC4900ECEA70 = {
						CreatedOnToolsVersion = 13.2.1;
					};
					A0DE808F278CDC4E00ECEA70 = {
						CreatedOnToolsVersion = 13.2.1;
						TestTargetID = A0DE8079278CDC4900ECEA70;
					};
					A0DE8099278CDC4E00ECEA70 = {
						CreatedOnToolsVersion = 13.2.1;
						TestTargetID = A0DE8079278CDC4900ECEA70;
					};
				};
			};
			buildConfigurationList = A0DE8075278CDC4900ECEA70 /* Build configuration list for PBXProject "Prework" */;
			compatibilityVersion = "Xcode 13.0";
			developmentRegion = en;
			hasScannedForEncodings = 0;
			knownRegions = (
				en,
				Base,
			);
			mainGroup = A0DE8071278CDC4900ECEA70;
			productRefGroup = A0DE807B278CDC4900ECEA70 /* Products */;
			projectDirPath = "";
			projectRoot = "";
			targets = (
				A0DE8079278CDC4900ECEA70 /* Prework */,
				A0DE808F278CDC4E00ECEA70 /* PreworkTests */,
				A0DE8099278CDC4E00ECEA70 /* PreworkUITests */,
			);
		};
/* End PBXProject section */

/* Begin PBXResourcesBuildPhase section */
		A0DE8078278CDC4900ECEA70 /* Resources */ = {
			isa = PBXResourcesBuildPhase;
			buildActionMask = 2147483647;
			files = (
				A0DE808A278CDC4D00ECEA70 /* LaunchScreen.storyboard in Resources */,
				A0DE8087278CDC4D00ECEA70 /* Assets.xcassets in Resources */,
				A0DE8085278CDC4900ECEA70 /* Main.storyboard in Resources */,
			);
			runOnlyForDeploymentPostprocessing = 0;
		};
		A0DE808E278CDC4E00ECEA70 /* Resources */ = {
			isa = PBXResourcesBuildPhase;
			buildActionMask = 2147483647;
			files = (
			);
			runOnlyForDeploymentPostprocessing = 0;
		};
		A0DE8098278CDC4E00ECEA70 /* Resources */ = {
			isa = PBXResourcesBuildPhase;
			buildActionMask = 2147483647;
			files = (
			);
			runOnlyForDeploymentPostprocessing = 0;
		};
/* End PBXResourcesBuildPhase section */

/* Begin PBXSourcesBuildPhase section */
		A0DE8076278CDC4900ECEA70 /* Sources */ = {
			isa = PBXSourcesBuildPhase;
			buildActionMask = 2147483647;
			files = (
				A0DE8082278CDC4900ECEA70 /* ViewController.swift in Sources */,
				A0DE807E278CDC4900ECEA70 /* AppDelegate.swift in Sources */,
				A0DE8080278CDC4900ECEA70 /* SceneDelegate.swift in Sources */,
			);
			runOnlyForDeploymentPostprocessing = 0;
		};
		A0DE808C278CDC4E00ECEA70 /* Sources */ = {
			isa = PBXSourcesBuildPhase;
			buildActionMask = 2147483647;
			files = (
				A0DE8095278CDC4E00ECEA70 /* PreworkTests.swift in Sources */,
			);
			runOnlyForDeploymentPostprocessing = 0;
		};
		A0DE8096278CDC4E00ECEA70 /* Sources */ = {
			isa = PBXSourcesBuildPhase;
			buildActionMask = 2147483647;
			files = (
				A0DE809F278CDC4E00ECEA70 /* PreworkUITests.swift in Sources */,
				A0DE80A1278CDC4E00ECEA70 /* PreworkUITestsLaunchTests.swift in Sources */,
			);
			runOnlyForDeploymentPostprocessing = 0;
		};
/* End PBXSourcesBuildPhase section */

/* Begin PBXTargetDependency section */
		A0DE8092278CDC4E00ECEA70 /* PBXTargetDependency */ = {
			isa = PBXTargetDependency;
			target = A0DE8079278CDC4900ECEA70 /* Prework */;
			targetProxy = A0DE8091278CDC4E00ECEA70 /* PBXContainerItemProxy */;
		};
		A0DE809C278CDC4E00ECEA70 /* PBXTargetDependency */ = {
			isa = PBXTargetDependency;
			target = A0DE8079278CDC4900ECEA70 /* Prework */;
			targetProxy = A0DE809B278CDC4E00ECEA70 /* PBXContainerItemProxy */;
		};
/* End PBXTargetDependency section */

/* Begin PBXVariantGroup section */
		A0DE8083278CDC4900ECEA70 /* Main.storyboard */ = {
			isa = PBXVariantGroup;
			children = (
				A0DE8084278CDC4900ECEA70 /* Base */,
			);
			name = Main.storyboard;
			sourceTree = "<group>";
		};
		A0DE8088278CDC4D00ECEA70 /* LaunchScreen.storyboard */ = {
			isa = PBXVariantGroup;
			children = (
				A0DE8089278CDC4D00ECEA70 /* Base */,
			);
			name = LaunchScreen.storyboard;
			sourceTree = "<group>";
		};
/* End PBXVariantGroup section */

/* Begin XCBuildConfiguration section */
		A0DE80A2278CDC4E00ECEA70 /* Debug */ = {
			isa = XCBuildConfiguration;
			buildSettings = {
				ALWAYS_SEARCH_USER_PATHS = NO;
				CLANG_ANALYZER_NONNULL = YES;
				CLANG_ANALYZER_NUMBER_OBJECT_CONVERSION = YES_AGGRESSIVE;
				CLANG_CXX_LANGUAGE_STANDARD = "gnu++17";
				CLANG_CXX_LIBRARY = "libc++";
				CLANG_ENABLE_MODULES = YES;
				CLANG_ENABLE_OBJC_ARC = YES;
				CLANG_ENABLE_OBJC_WEAK = YES;
				CLANG_WARN_BLOCK_CAPTURE_AUTORELEASING = YES;
				CLANG_WARN_BOOL_CONVERSION = YES;
				CLANG_WARN_COMMA = YES;
				CLANG_WARN_CONSTANT_CONVERSION = YES;
				CLANG_WARN_DEPRECATED_OBJC_IMPLEMENTATIONS = YES;
				CLANG_WARN_DIRECT_OBJC_ISA_USAGE = YES_ERROR;
				CLANG_WARN_DOCUMENTATION_COMMENTS = YES;
				CLANG_WARN_EMPTY_BODY = YES;
				CLANG_WARN_ENUM_CONVERSION = YES;
				CLANG_WARN_INFINITE_RECURSION = YES;
				CLANG_WARN_INT_CONVERSION = YES;
				CLANG_WARN_NON_LITERAL_NULL_CONVERSION = YES;
				CLANG_WARN_OBJC_IMPLICIT_RETAIN_SELF = YES;
				CLANG_WARN_OBJC_LITERAL_CONVERSION = YES;
				CLANG_WARN_OBJC_ROOT_CLASS = YES_ERROR;
				CLANG_WARN_QUOTED_INCLUDE_IN_FRAMEWORK_HEADER = YES;
				CLANG_WARN_RANGE_LOOP_ANALYSIS = YES;
				CLANG_WARN_STRICT_PROTOTYPES = YES;
				CLANG_WARN_SUSPICIOUS_MOVE = YES;
				CLANG_WARN_UNGUARDED_AVAILABILITY = YES_AGGRESSIVE;
				CLANG_WARN_UNREACHABLE_CODE = YES;
				CLANG_WARN__DUPLICATE_METHOD_MATCH = YES;
				COPY_PHASE_STRIP = NO;
				DEBUG_INFORMATION_FORMAT = dwarf;
				ENABLE_STRICT_OBJC_MSGSEND = YES;
				ENABLE_TESTABILITY = YES;
				GCC_C_LANGUAGE_STANDARD = gnu11;
				GCC_DYNAMIC_NO_PIC = NO;
				GCC_NO_COMMON_BLOCKS = YES;
				GCC_OPTIMIZATION_LEVEL = 0;
				GCC_PREPROCESSOR_DEFINITIONS = (
					"DEBUG=1",
					"$(inherited)",
				);
				GCC_WARN_64_TO_32_BIT_CONVERSION = YES;
				GCC_WARN_ABOUT_RETURN_TYPE = YES_ERROR;
				GCC_WARN_UNDECLARED_SELECTOR = YES;
				GCC_WARN_UNINITIALIZED_AUTOS = YES_AGGRESSIVE;
				GCC_WARN_UNUSED_FUNCTION = YES;
				GCC_WARN_UNUSED_VARIABLE = YES;
				IPHONEOS_DEPLOYMENT_TARGET = 15.2;
				MTL_ENABLE_DEBUG_INFO = INCLUDE_SOURCE;
				MTL_FAST_MATH = YES;
				ONLY_ACTIVE_ARCH = YES;
				SDKROOT = iphoneos;
				SWIFT_ACTIVE_COMPILATION_CONDITIONS = DEBUG;
				SWIFT_OPTIMIZATION_LEVEL = "-Onone";
			};
			name = Debug;
		};
		A0DE80A3278CDC4E00ECEA70 /* Release */ = {
			isa = XCBuildConfiguration;
			buildSettings = {
				ALWAYS_SEARCH_USER_PATHS = NO;
				CLANG_ANALYZER_NONNULL = YES;
				CLANG_ANALYZER_NUMBER_OBJECT_CONVERSION = YES_AGGRESSIVE;
				CLANG_CXX_LANGUAGE_STANDARD = "gnu++17";
				CLANG_CXX_LIBRARY = "libc++";
				CLANG_ENABLE_MODULES = YES;
				CLANG_ENABLE_OBJC_ARC = YES;
				CLANG_ENABLE_OBJC_WEAK = YES;
				CLANG_WARN_BLOCK_CAPTURE_AUTORELEASING = YES;
				CLANG_WARN_BOOL_CONVERSION = YES;
				CLANG_WARN_COMMA = YES;
				CLANG_WARN_CONSTANT_CONVERSION = YES;
				CLANG_WARN_DEPRECATED_OBJC_IMPLEMENTATIONS = YES;
				CLANG_WARN_DIRECT_OBJC_ISA_USAGE = YES_ERROR;
				CLANG_WARN_DOCUMENTATION_COMMENTS = YES;
				CLANG_WARN_EMPTY_BODY = YES;
				CLANG_WARN_ENUM_CONVERSION = YES;
				CLANG_WARN_INFINITE_RECURSION = YES;
				CLANG_WARN_INT_CONVERSION = YES;
				CLANG_WARN_NON_LITERAL_NULL_CONVERSION = YES;
				CLANG_WARN_OBJC_IMPLICIT_RETAIN_SELF = YES;
				CLANG_WARN_OBJC_LITERAL_CONVERSION = YES;
				CLANG_WARN_OBJC_ROOT_CLASS = YES_ERROR;
				CLANG_WARN_QUOTED_INCLUDE_IN_FRAMEWORK_HEADER = YES;
				CLANG_WARN_RANGE_LOOP_ANALYSIS = YES;
				CLANG_WARN_STRICT_PROTOTYPES = YES;
				CLANG_WARN_SUSPICIOUS_MOVE = YES;
				CLANG_WARN_UNGUARDED_AVAILABILITY = YES_AGGRESSIVE;
				CLANG_WARN_UNREACHABLE_CODE = YES;
				CLANG_WARN__DUPLICATE_METHOD_MATCH = YES;
				COPY_PHASE_STRIP = NO;
				DEBUG_INFORMATION_FORMAT = "dwarf-with-dsym";
				ENABLE_NS_ASSERTIONS = NO;
				ENABLE_STRICT_OBJC_MSGSEND = YES;
				GCC_C_LANGUAGE_STANDARD = gnu11;
				GCC_NO_COMMON_BLOCKS = YES;
				GCC_WARN_64_TO_32_BIT_CONVERSION = YES;
				GCC_WARN_ABOUT_RETURN_TYPE = YES_ERROR;
				GCC_WARN_UNDECLARED_SELECTOR = YES;
				GCC_WARN_UNINITIALIZED_AUTOS = YES_AGGRESSIVE;
				GCC_WARN_UNUSED_FUNCTION = YES;
				GCC_WARN_UNUSED_VARIABLE = YES;
				IPHONEOS_DEPLOYMENT_TARGET = 15.2;
				MTL_ENABLE_DEBUG_INFO = NO;
				MTL_FAST_MATH = YES;
				SDKROOT = iphoneos;
				SWIFT_COMPILATION_MODE = wholemodule;
				SWIFT_OPTIMIZATION_LEVEL = "-O";
				VALIDATE_PRODUCT = YES;
			};
			name = Release;
		};
		A0DE80A5278CDC4E00ECEA70 /* Debug */ = {
			isa = XCBuildConfiguration;
			buildSettings = {
				ASSETCATALOG_COMPILER_APPICON_NAME = AppIcon;
				ASSETCATALOG_COMPILER_GLOBAL_ACCENT_COLOR_NAME = AccentColor;
				CODE_SIGN_STYLE = Automatic;
				CURRENT_PROJECT_VERSION = 1;
				GENERATE_INFOPLIST_FILE = YES;
				INFOPLIST_FILE = Prework/Info.plist;
				INFOPLIST_KEY_CFBundleDisplayName = Prework;
				INFOPLIST_KEY_UIApplicationSupportsIndirectInputEvents = YES;
				INFOPLIST_KEY_UILaunchStoryboardName = LaunchScreen;
				INFOPLIST_KEY_UIMainStoryboardFile = Main;
				INFOPLIST_KEY_UISupportedInterfaceOrientations_iPad = "UIInterfaceOrientationPortrait UIInterfaceOrientationPortraitUpsideDown UIInterfaceOrientationLandscapeLeft UIInterfaceOrientationLandscapeRight";
				INFOPLIST_KEY_UISupportedInterfaceOrientations_iPhone = "UIInterfaceOrientationPortrait UIInterfaceOrientationLandscapeLeft UIInterfaceOrientationLandscapeRight";
				LD_RUNPATH_SEARCH_PATHS = (
					"$(inherited)",
					"@executable_path/Frameworks",
				);
				MARKETING_VERSION = 1.0;
				PRODUCT_BUNDLE_IDENTIFIER = memo.com.Prework;
				PRODUCT_NAME = "$(TARGET_NAME)";
				SWIFT_EMIT_LOC_STRINGS = YES;
				SWIFT_VERSION = 5.0;
				TARGETED_DEVICE_FAMILY = "1,2";
			};
			name = Debug;
		};
		A0DE80A6278CDC4E00ECEA70 /* Release */ = {
			isa = XCBuildConfiguration;
			buildSettings = {
				ASSETCATALOG_COMPILER_APPICON_NAME = AppIcon;
				ASSETCATALOG_COMPILER_GLOBAL_ACCENT_COLOR_NAME = AccentColor;
				CODE_SIGN_STYLE = Automatic;
				CURRENT_PROJECT_VERSION = 1;
				GENERATE_INFOPLIST_FILE = YES;
				INFOPLIST_FILE = Prework/Info.plist;
				INFOPLIST_KEY_CFBundleDisplayName = Prework;
				INFOPLIST_KEY_UIApplicationSupportsIndirectInputEvents = YES;
				INFOPLIST_KEY_UILaunchStoryboardName = LaunchScreen;
				INFOPLIST_KEY_UIMainStoryboardFile = Main;
				INFOPLIST_KEY_UISupportedInterfaceOrientations_iPad = "UIInterfaceOrientationPortrait UIInterfaceOrientationPortraitUpsideDown UIInterfaceOrientationLandscapeLeft UIInterfaceOrientationLandscapeRight";
				INFOPLIST_KEY_UISupportedInterfaceOrientations_iPhone = "UIInterfaceOrientationPortrait UIInterfaceOrientationLandscapeLeft UIInterfaceOrientationLandscapeRight";
				LD_RUNPATH_SEARCH_PATHS = (
					"$(inherited)",
					"@executable_path/Frameworks",
				);
				MARKETING_VERSION = 1.0;
				PRODUCT_BUNDLE_IDENTIFIER = memo.com.Prework;
				PRODUCT_NAME = "$(TARGET_NAME)";
				SWIFT_EMIT_LOC_STRINGS = YES;
				SWIFT_VERSION = 5.0;
				TARGETED_DEVICE_FAMILY = "1,2";
			};
			name = Release;
		};
		A0DE80A8278CDC4E00ECEA70 /* Debug */ = {
			isa = XCBuildConfiguration;
			buildSettings = {
				ALWAYS_EMBED_SWIFT_STANDARD_LIBRARIES = YES;
				BUNDLE_LOADER = "$(TEST_HOST)";
				CODE_SIGN_STYLE = Automatic;
				CURRENT_PROJECT_VERSION = 1;
				GENERATE_INFOPLIST_FILE = YES;
				IPHONEOS_DEPLOYMENT_TARGET = 15.2;
				MARKETING_VERSION = 1.0;
				PRODUCT_BUNDLE_IDENTIFIER = memo.com.PreworkTests;
				PRODUCT_NAME = "$(TARGET_NAME)";
				SWIFT_EMIT_LOC_STRINGS = NO;
				SWIFT_VERSION = 5.0;
				TARGETED_DEVICE_FAMILY = "1,2";
				TEST_HOST = "$(BUILT_PRODUCTS_DIR)/Prework.app/Prework";
			};
			name = Debug;
		};
		A0DE80A9278CDC4E00ECEA70 /* Release */ = {
			isa = XCBuildConfiguration;
			buildSettings = {
				ALWAYS_EMBED_SWIFT_STANDARD_LIBRARIES = YES;
				BUNDLE_LOADER = "$(TEST_HOST)";
				CODE_SIGN_STYLE = Automatic;
				CURRENT_PROJECT_VERSION = 1;
				GENERATE_INFOPLIST_FILE = YES;
				IPHONEOS_DEPLOYMENT_TARGET = 15.2;
				MARKETING_VERSION = 1.0;
				PRODUCT_BUNDLE_IDENTIFIER = memo.com.PreworkTests;
				PRODUCT_NAME = "$(TARGET_NAME)";
				SWIFT_EMIT_LOC_STRINGS = NO;
				SWIFT_VERSION = 5.0;
				TARGETED_DEVICE_FAMILY = "1,2";
				TEST_HOST = "$(BUILT_PRODUCTS_DIR)/Prework.app/Prework";
			};
			name = Release;
		};
		A0DE80AB278CDC4E00ECEA70 /* Debug */ = {
			isa = XCBuildConfiguration;
			buildSettings = {
				ALWAYS_EMBED_SWIFT_STANDARD_LIBRARIES = YES;
				CODE_SIGN_STYLE = Automatic;
				CURRENT_PROJECT_VERSION = 1;
				GENERATE_INFOPLIST_FILE = YES;
				MARKETING_VERSION = 1.0;
				PRODUCT_BUNDLE_IDENTIFIER = memo.com.PreworkUITests;
				PRODUCT_NAME = "$(TARGET_NAME)";
				SWIFT_EMIT_LOC_STRINGS = NO;
				SWIFT_VERSION = 5.0;
				TARGETED_DEVICE_FAMILY = "1,2";
				TEST_TARGET_NAME = Prework;
			};
			name = Debug;
		};
		A0DE80AC278CDC4E00ECEA70 /* Release */ = {
			isa = XCBuildConfiguration;
			buildSettings = {
				ALWAYS_EMBED_SWIFT_STANDARD_LIBRARIES = YES;
				CODE_SIGN_STYLE = Automatic;
				CURRENT_PROJECT_VERSION = 1;
				GENERATE_INFOPLIST_FILE = YES;
				MARKETING_VERSION = 1.0;
				PRODUCT_BUNDLE_IDENTIFIER = memo.com.PreworkUITests;
				PRODUCT_NAME = "$(TARGET_NAME)";
				SWIFT_EMIT_LOC_STRINGS = NO;
				SWIFT_VERSION = 5.0;
				TARGETED_DEVICE_FAMILY = "1,2";
				TEST_TARGET_NAME = Prework;
			};
			name = Release;
		};
/* End XCBuildConfiguration section */

/* Begin XCConfigurationList section */
		A0DE8075278CDC4900ECEA70 /* Build configuration list for PBXProject "Prework" */ = {
			isa = XCConfigurationList;
			buildConfigurations = (
				A0DE80A2278CDC4E00ECEA70 /* Debug */,
				A0DE80A3278CDC4E00ECEA70 /* Release */,
			);
			defaultConfigurationIsVisible = 0;
			defaultConfigurationName = Release;
		};
		A0DE80A4278CDC4E00ECEA70 /* Build configuration list for PBXNativeTarget "Prework" */ = {
			isa = XCConfigurationList;
			buildConfigurations = (
				A0DE80A5278CDC4E00ECEA70 /* Debug */,
				A0DE80A6278CDC4E00ECEA70 /* Release */,
			);
			defaultConfigurationIsVisible = 0;
			defaultConfigurationName = Release;
		};
		A0DE80A7278CDC4E00ECEA70 /* Build configuration list for PBXNativeTarget "PreworkTests" */ = {
			isa = XCConfigurationList;
			buildConfigurations = (
				A0DE80A8278CDC4E00ECEA70 /* Debug */,
				A0DE80A9278CDC4E00ECEA70 /* Release */,
			);
			defaultConfigurationIsVisible = 0;
			defaultConfigurationName = Release;
		};
		A0DE80AA278CDC4E00ECEA70 /* Build configuration list for PBXNativeTarget "PreworkUITests" */ = {
			isa = XCConfigurationList;
			buildConfigurations = (
				A0DE80AB278CDC4E00ECEA70 /* Debug */,
				A0DE80AC278CDC4E00ECEA70 /* Release */,
			);
			defaultConfigurationIsVisible = 0;
			defaultConfigurationName = Release;
		};
/* End XCConfigurationList section */
	};
	rootObject = A0DE8072278CDC4900ECEA70 /* Project object */;
}
